
Microsoft Visual Studio Solution File, Format Version 12.00
# Visual Studio 15
VisualStudioVersion = 15.0.27703.2018
MinimumVisualStudioVersion = 10.0.40219.1
Project("{FAE04EC0-301F-11D3-BF4B-00C04F79EFBC}") = "CoffeShop", "CoffeShop\CoffeShop.csproj", "{65262E04-09C8-4B81-9D14-0F8644971882}"
EndProject
Project("{2150E333-8FDC-42A3-9474-1A3956D46DE8}") = "Solution Items", "Solution Items", "{C9A878F2-C6D6-429D-BD67-F4F6A68213C0}"
	ProjectSection(SolutionItems) = preProject
		.gitignore = .gitignore
	EndProjectSection
EndProject
Global
	GlobalSection(SolutionConfigurationPlatforms) = preSolution
		Debug|Any CPU = Debug|Any CPU
		Release|Any CPU = Release|Any CPU
	EndGlobalSection
	GlobalSection(ProjectConfigurationPlatforms) = postSolution
		{65262E04-09C8-4B81-9D14-0F8644971882}.Debug|Any CPU.ActiveCfg = Debug|Any CPU
		{65262E04-09C8-4B81-9D14-0F8644971882}.Debug|Any CPU.Build.0 = Debug|Any CPU
		{65262E04-09C8-4B81-9D14-0F8644971882}.Release|Any CPU.ActiveCfg = Release|Any CPU
		{65262E04-09C8-4B81-9D14-0F8644971882}.Release|Any CPU.Build.0 = Release|Any CPU
	EndGlobalSection
	GlobalSection(SolutionProperties) = preSolution
		HideSolutionNode = FALSE
	EndGlobalSection
	GlobalSection(ExtensibilityGlobals) = postSolution
		SolutionGuid = {AE78DEDA-97F5-4276-AE1D-BA9077FDCC25}
	EndGlobalSection
EndGlobal
